
Microsoft Visual Studio Solution File, Format Version 11.00
# Visual Studio 2010
Project("{2150E333-8FDC-42A3-9474-1A3956D46DE8}") = "Source", "Source", "{39456F07-6E2D-4C6B-ADCC-0A510ACAA894}"
EndProject
Project("{FAE04EC0-301F-11D3-BF4B-00C04F79EFBC}") = "System.Web.PowerShell", "Source\System.Web.PowerShell\System.Web.PowerShell.csproj", "{1CFDB308-D392-43E8-BA3E-3890E273DA2B}"
EndProject
Project("{2150E333-8FDC-42A3-9474-1A3956D46DE8}") = "Tests", "Tests", "{C3626AF6-874C-4632-BABC-F85EF8CE13D0}"
EndProject
Project("{FAE04EC0-301F-11D3-BF4B-00C04F79EFBC}") = "System.Web.PowerShell.Tests", "Tests\System.Web.PowerShell.Tests\System.Web.PowerShell.Tests.csproj", "{9FFD259F-CD5A-4E96-A485-41DFF71FF79B}"
EndProject
Project("{2150E333-8FDC-42A3-9474-1A3956D46DE8}") = "Solution Items", "Solution Items", "{4DB8EE0A-88AE-4D5B-836D-BFBE7FEA741B}"
	ProjectSection(SolutionItems) = preProject
		Local.testsettings = Local.testsettings
		PowerShell for ASP.NET.vsmdi = PowerShell for ASP.NET.vsmdi
		TraceAndTestImpact.testsettings = TraceAndTestImpact.testsettings
	EndProjectSection
EndProject
Global
	GlobalSection(TestCaseManagementSettings) = postSolution
		CategoryFile = PowerShell for ASP.NET.vsmdi
	EndGlobalSection
	GlobalSection(SolutionConfigurationPlatforms) = preSolution
		Debug|Any CPU = Debug|Any CPU
		Release|Any CPU = Release|Any CPU
	EndGlobalSection
	GlobalSection(ProjectConfigurationPlatforms) = postSolution
		{1CFDB308-D392-43E8-BA3E-3890E273DA2B}.Debug|Any CPU.ActiveCfg = Debug|Any CPU
		{1CFDB308-D392-43E8-BA3E-3890E273DA2B}.Debug|Any CPU.Build.0 = Debug|Any CPU
		{1CFDB308-D392-43E8-BA3E-3890E273DA2B}.Release|Any CPU.ActiveCfg = Release|Any CPU
		{1CFDB308-D392-43E8-BA3E-3890E273DA2B}.Release|Any CPU.Build.0 = Release|Any CPU
		{9FFD259F-CD5A-4E96-A485-41DFF71FF79B}.Debug|Any CPU.ActiveCfg = Debug|Any CPU
		{9FFD259F-CD5A-4E96-A485-41DFF71FF79B}.Debug|Any CPU.Build.0 = Debug|Any CPU
		{9FFD259F-CD5A-4E96-A485-41DFF71FF79B}.Release|Any CPU.ActiveCfg = Release|Any CPU
		{9FFD259F-CD5A-4E96-A485-41DFF71FF79B}.Release|Any CPU.Build.0 = Release|Any CPU
	EndGlobalSection
	GlobalSection(SolutionProperties) = preSolution
		HideSolutionNode = FALSE
	EndGlobalSection
	GlobalSection(NestedProjects) = preSolution
		{1CFDB308-D392-43E8-BA3E-3890E273DA2B} = {39456F07-6E2D-4C6B-ADCC-0A510ACAA894}
		{9FFD259F-CD5A-4E96-A485-41DFF71FF79B} = {C3626AF6-874C-4632-BABC-F85EF8CE13D0}
	EndGlobalSection
EndGlobal
